
Microsoft Visual Studio Solution File, Format Version 12.00
# Visual Studio Version 17
VisualStudioVersion = 17.7.34031.279
MinimumVisualStudioVersion = 10.0.40219.1
Project("{FAE04EC0-301F-11D3-BF4B-00C04F79EFBC}") = "Aplicacion mv cambios", "Aplicacion mv cambios.csproj", "{69C6C121-B303-4F51-8CD3-6A7914BDD9CD}"
EndProject
Global
	GlobalSection(SolutionConfigurationPlatforms) = preSolution
		Debug|Any CPU = Debug|Any CPU
		Release|Any CPU = Release|Any CPU
	EndGlobalSection
	GlobalSection(ProjectConfigurationPlatforms) = postSolution
		{69C6C121-B303-4F51-8CD3-6A7914BDD9CD}.Debug|Any CPU.ActiveCfg = Debug|Any CPU
		{69C6C121-B303-4F51-8CD3-6A7914BDD9CD}.Debug|Any CPU.Build.0 = Debug|Any CPU
		{69C6C121-B303-4F51-8CD3-6A7914BDD9CD}.Release|Any CPU.ActiveCfg = Release|Any CPU
		{69C6C121-B303-4F51-8CD3-6A7914BDD9CD}.Release|Any CPU.Build.0 = Release|Any CPU
	EndGlobalSection
	GlobalSection(SolutionProperties) = preSolution
		HideSolutionNode = FALSE
	EndGlobalSection
	GlobalSection(ExtensibilityGlobals) = postSolution
		SolutionGuid = {280E8F6D-C5BA-4FF3-BB32-6BCD05490987}
	EndGlobalSection
EndGlobal
